
Microsoft Visual Studio Solution File, Format Version 12.00
Project("{FAE04EC0-301F-11D3-BF4B-00C04F79EFBC}") = "SignalRLoadTester", "SignalRLoadTester\SignalRLoadTester.csproj", "{4D72AAEB-DD51-42B5-B5BE-D9F527E0DFF0}"
EndProject
Global
	GlobalSection(SolutionConfigurationPlatforms) = preSolution
		Debug|Any CPU = Debug|Any CPU
		Release|Any CPU = Release|Any CPU
	EndGlobalSection
	GlobalSection(ProjectConfigurationPlatforms) = postSolution
		{4D72AAEB-DD51-42B5-B5BE-D9F527E0DFF0}.Debug|Any CPU.ActiveCfg = Debug|Any CPU
		{4D72AAEB-DD51-42B5-B5BE-D9F527E0DFF0}.Debug|Any CPU.Build.0 = Debug|Any CPU
		{4D72AAEB-DD51-42B5-B5BE-D9F527E0DFF0}.Release|Any CPU.ActiveCfg = Release|Any CPU
		{4D72AAEB-DD51-42B5-B5BE-D9F527E0DFF0}.Release|Any CPU.Build.0 = Release|Any CPU
	EndGlobalSection
EndGlobal
